<?xml version="1.0" encoding="utf-8"?>
<Project ToolsVersion="4.0" xmlns="http://schemas.microsoft.com/developer/msbuild/2003">
  <ItemGroup>
    <Filter Include="소스 파일">
      <UniqueIdentifier>{4FC737F1-C7A5-4376-A066-2A32D752A2FF}</UniqueIdentifier>
      <Extensions>cpp;c;cc;cxx;def;odl;idl;hpj;bat;asm;asmx</Extensions>
    </Filter>
    <Filter Include="헤더 파일">
      <UniqueIdentifier>{93995380-89BD-4b04-88EB-625FBE52EBFB}</UniqueIdentifier>
      <Extensions>h;hh;hpp;hxx;hm;inl;inc;ipp;xsd</Extensions>
    </Filter>
    <Filter Include="리소스 파일">
      <UniqueIdentifier>{67DA6AB6-F800-4c08-8B7A-83BB121AAD01}</UniqueIdentifier>
      <Extensions>rc;ico;cur;bmp;dlg;rc2;rct;bin;rgs;gif;jpg;jpeg;jpe;resx;tiff;tif;png;wav;mfcribbon-ms</Extensions>
    </Filter>
    <Filter Include="Demo1LinkedList">
      <UniqueIdentifier>{4d9830b2-edb5-464e-a4eb-f79d4a249381}</UniqueIdentifier>
    </Filter>
    <Filter Include="Demo2RandomSkill">
      <UniqueIdentifier>{24d9d3e1-811b-44e4-b4ce-7709aba3f85e}</UniqueIdentifier>
    </Filter>
  </ItemGroup>
  <ItemGroup>
    <ClCompile Include="pch.cpp">
      <Filter>소스 파일</Filter>
    </ClCompile>
    <ClCompile Include="LinkedListTest.cpp">
      <Filter>Demo1LinkedList</Filter>
    </ClCompile>
    <ClCompile Include="RandomSkillTest.cpp">
      <Filter>Demo2RandomSkill</Filter>
    </ClCompile>
  </ItemGroup>
  <ItemGroup>
    <ClInclude Include="pch.h">
      <Filter>헤더 파일</Filter>
    </ClInclude>
    <ClInclude Include="LinkedList.hpp">
      <Filter>Demo1LinkedList</Filter>
    </ClInclude>
    <ClInclude Include="RandomSkill.hpp">
      <Filter>Demo2RandomSkill</Filter>
    </ClInclude>
  </ItemGroup>
</Project>