
Microsoft Visual Studio Solution File, Format Version 12.00
# Visual Studio 15
VisualStudioVersion = 15.0.28307.1000
MinimumVisualStudioVersion = 10.0.40219.1
Project("{8BC9CEB8-8B4A-11D0-8D11-00A0C91BC942}") = "CppDemo", "CppDemo\CppDemo.vcxproj", "{89D9C14F-DC82-4A02-89CD-14D82DDD91D8}"
EndProject
Project("{8BC9CEB8-8B4A-11D0-8D11-00A0C91BC942}") = "CppDemoTest", "CppDemoTest\CppDemoTest.vcxproj", "{5814CA79-1052-44DE-B7A7-6F181FBE6C87}"
	ProjectSection(ProjectDependencies) = postProject
		{89D9C14F-DC82-4A02-89CD-14D82DDD91D8} = {89D9C14F-DC82-4A02-89CD-14D82DDD91D8}
	EndProjectSection
EndProject
Global
	GlobalSection(SolutionConfigurationPlatforms) = preSolution
		Debug|x64 = Debug|x64
		Debug|x86 = Debug|x86
		Release|x64 = Release|x64
		Release|x86 = Release|x86
	EndGlobalSection
	GlobalSection(ProjectConfigurationPlatforms) = postSolution
		{89D9C14F-DC82-4A02-89CD-14D82DDD91D8}.Debug|x64.ActiveCfg = Debug|x64
		{89D9C14F-DC82-4A02-89CD-14D82DDD91D8}.Debug|x64.Build.0 = Debug|x64
		{89D9C14F-DC82-4A02-89CD-14D82DDD91D8}.Debug|x86.ActiveCfg = Debug|x64
		{89D9C14F-DC82-4A02-89CD-14D82DDD91D8}.Debug|x86.Build.0 = Debug|x64
		{89D9C14F-DC82-4A02-89CD-14D82DDD91D8}.Release|x64.ActiveCfg = Release|x64
		{89D9C14F-DC82-4A02-89CD-14D82DDD91D8}.Release|x64.Build.0 = Release|x64
		{89D9C14F-DC82-4A02-89CD-14D82DDD91D8}.Release|x86.ActiveCfg = Release|Win32
		{89D9C14F-DC82-4A02-89CD-14D82DDD91D8}.Release|x86.Build.0 = Release|Win32
		{5814CA79-1052-44DE-B7A7-6F181FBE6C87}.Debug|x64.ActiveCfg = Debug|x64
		{5814CA79-1052-44DE-B7A7-6F181FBE6C87}.Debug|x64.Build.0 = Debug|x64
		{5814CA79-1052-44DE-B7A7-6F181FBE6C87}.Debug|x86.ActiveCfg = Debug|x64
		{5814CA79-1052-44DE-B7A7-6F181FBE6C87}.Debug|x86.Build.0 = Debug|x64
		{5814CA79-1052-44DE-B7A7-6F181FBE6C87}.Release|x64.ActiveCfg = Release|x64
		{5814CA79-1052-44DE-B7A7-6F181FBE6C87}.Release|x64.Build.0 = Release|x64
		{5814CA79-1052-44DE-B7A7-6F181FBE6C87}.Release|x86.ActiveCfg = Release|Win32
		{5814CA79-1052-44DE-B7A7-6F181FBE6C87}.Release|x86.Build.0 = Release|Win32
	EndGlobalSection
	GlobalSection(SolutionProperties) = preSolution
		HideSolutionNode = FALSE
	EndGlobalSection
	GlobalSection(ExtensibilityGlobals) = postSolution
		SolutionGuid = {4B79D33A-54A6-404A-9015-BD1C4BAC9B39}
	EndGlobalSection
EndGlobal
